
Microsoft Visual Studio Solution File, Format Version 12.00
# Visual Studio Version 16
VisualStudioVersion = 16.0.29521.150
MinimumVisualStudioVersion = 10.0.40219.1
Project("{FAE04EC0-301F-11D3-BF4B-00C04F79EFBC}") = "BlazoriseExample", "BlazoriseExample\BlazoriseExample.csproj", "{3A00B242-DC00-4ECB-A37B-2AD511ECCAC8}"
EndProject
Global
	GlobalSection(SolutionConfigurationPlatforms) = preSolution
		Debug|Any CPU = Debug|Any CPU
		Release|Any CPU = Release|Any CPU
	EndGlobalSection
	GlobalSection(ProjectConfigurationPlatforms) = postSolution
		{3A00B242-DC00-4ECB-A37B-2AD511ECCAC8}.Debug|Any CPU.ActiveCfg = Debug|Any CPU
		{3A00B242-DC00-4ECB-A37B-2AD511ECCAC8}.Debug|Any CPU.Build.0 = Debug|Any CPU
		{3A00B242-DC00-4ECB-A37B-2AD511ECCAC8}.Release|Any CPU.ActiveCfg = Release|Any CPU
		{3A00B242-DC00-4ECB-A37B-2AD511ECCAC8}.Release|Any CPU.Build.0 = Release|Any CPU
	EndGlobalSection
	GlobalSection(SolutionProperties) = preSolution
		HideSolutionNode = FALSE
	EndGlobalSection
	GlobalSection(ExtensibilityGlobals) = postSolution
		SolutionGuid = {60A414A5-8111-4A71-872F-9B832F8FE0AE}
	EndGlobalSection
EndGlobal
